Microsoft Visual Studio Solution File, Format Version 9.00
# Visual Studio 2005
Project("{FAE04EC0-301F-11D3-BF4B-00C04F79EFBC}") = "DatAdmin", "DatAdmin\DatAdmin.csproj", "{6DA08E77-8471-4AF8-8B3E-C3458DF17457}"
EndProject
Project("{FAE04EC0-301F-11D3-BF4B-00C04F79EFBC}") = "DatAdmin.Common", "DatAdmin.Common\DatAdmin.Common.csproj", "{1DCAE0C8-82B0-4E25-A157-574C2A9E6A8D}"
EndProject
Project("{FAE04EC0-301F-11D3-BF4B-00C04F79EFBC}") = "DatAdmin.Wizard", "DatAdmin.Wizard\DatAdmin.Wizard.csproj", "{94955608-38E0-43BE-AE73-0C16012E7445}"
EndProject
Project("{FAE04EC0-301F-11D3-BF4B-00C04F79EFBC}") = "Plugin.mssql", "Plugin.mssql\Plugin.mssql.csproj", "{30670E31-E8BB-412C-A565-1F137FFE13BC}"
EndProject
Project("{FAE04EC0-301F-11D3-BF4B-00C04F79EFBC}") = "Plugin.sqlite", "Plugin.sqlite\Plugin.sqlite.csproj", "{F15B591B-BCDF-47EF-B6D0-4382C7519514}"
EndProject
Project("{FAE04EC0-301F-11D3-BF4B-00C04F79EFBC}") = "DatAdmin.Core", "DatAdmin.Core\DatAdmin.Core.csproj", "{547419E9-1B72-4961-B69F-2B4242CDEF7C}"
EndProject
Global
	GlobalSection(SolutionConfigurationPlatforms) = preSolution
		Debug|Any CPU = Debug|Any CPU
		Release|Any CPU = Release|Any CPU
	EndGlobalSection
	GlobalSection(ProjectConfigurationPlatforms) = postSolution
		{6DA08E77-8471-4AF8-8B3E-C3458DF17457}.Debug|Any CPU.ActiveCfg = Debug|Any CPU
		{6DA08E77-8471-4AF8-8B3E-C3458DF17457}.Debug|Any CPU.Build.0 = Debug|Any CPU
		{6DA08E77-8471-4AF8-8B3E-C3458DF17457}.Release|Any CPU.ActiveCfg = Release|Any CPU
		{6DA08E77-8471-4AF8-8B3E-C3458DF17457}.Release|Any CPU.Build.0 = Release|Any CPU
		{1DCAE0C8-82B0-4E25-A157-574C2A9E6A8D}.Debug|Any CPU.ActiveCfg = Debug|Any CPU
		{1DCAE0C8-82B0-4E25-A157-574C2A9E6A8D}.Debug|Any CPU.Build.0 = Debug|Any CPU
		{1DCAE0C8-82B0-4E25-A157-574C2A9E6A8D}.Release|Any CPU.ActiveCfg = Release|Any CPU
		{1DCAE0C8-82B0-4E25-A157-574C2A9E6A8D}.Release|Any CPU.Build.0 = Release|Any CPU
		{94955608-38E0-43BE-AE73-0C16012E7445}.Debug|Any CPU.ActiveCfg = Debug|Any CPU
		{94955608-38E0-43BE-AE73-0C16012E7445}.Debug|Any CPU.Build.0 = Debug|Any CPU
		{94955608-38E0-43BE-AE73-0C16012E7445}.Release|Any CPU.ActiveCfg = Release|Any CPU
		{94955608-38E0-43BE-AE73-0C16012E7445}.Release|Any CPU.Build.0 = Release|Any CPU
		{30670E31-E8BB-412C-A565-1F137FFE13BC}.Debug|Any CPU.ActiveCfg = Debug|Any CPU
		{30670E31-E8BB-412C-A565-1F137FFE13BC}.Debug|Any CPU.Build.0 = Debug|Any CPU
		{30670E31-E8BB-412C-A565-1F137FFE13BC}.Release|Any CPU.ActiveCfg = Release|Any CPU
		{30670E31-E8BB-412C-A565-1F137FFE13BC}.Release|Any CPU.Build.0 = Release|Any CPU
		{F15B591B-BCDF-47EF-B6D0-4382C7519514}.Debug|Any CPU.ActiveCfg = Debug|Any CPU
		{F15B591B-BCDF-47EF-B6D0-4382C7519514}.Debug|Any CPU.Build.0 = Debug|Any CPU
		{F15B591B-BCDF-47EF-B6D0-4382C7519514}.Release|Any CPU.ActiveCfg = Release|Any CPU
		{F15B591B-BCDF-47EF-B6D0-4382C7519514}.Release|Any CPU.Build.0 = Release|Any CPU
		{547419E9-1B72-4961-B69F-2B4242CDEF7C}.Debug|Any CPU.ActiveCfg = Debug|Any CPU
		{547419E9-1B72-4961-B69F-2B4242CDEF7C}.Debug|Any CPU.Build.0 = Debug|Any CPU
		{547419E9-1B72-4961-B69F-2B4242CDEF7C}.Release|Any CPU.ActiveCfg = Release|Any CPU
		{547419E9-1B72-4961-B69F-2B4242CDEF7C}.Release|Any CPU.Build.0 = Release|Any CPU
	EndGlobalSection
	GlobalSection(SolutionProperties) = preSolution
		HideSolutionNode = FALSE
	EndGlobalSection
EndGlobal
